// !$*UTF8*$!
{
	archiveVersion = 1;
	classes = {
	};
	objectVersion = 55;
	objects = {

/* Begin PBXBuildFile section */
		810CE6B527A7B15900085410 /* AppDelegate.swift in Sources */ = {isa = PBXBuildFile; fileRef = 810CE6B427A7B15900085410 /* AppDelegate.swift */; };
		810CE6B727A7B15900085410 /* SceneDelegate.swift in Sources */ = {isa = PBXBuildFile; fileRef = 810CE6B627A7B15900085410 /* SceneDelegate.swift */; };
		810CE6B927A7B15900085410 /* ViewController.swift in Sources */ = {isa = PBXBuildFile; fileRef = 810CE6B827A7B15900085410 /* ViewController.swift */; };
		810CE6BC27A7B15900085410 /* Main.storyboard in Resources */ = {isa = PBXBuildFile; fileRef = 810CE6BA27A7B15900085410 /* Main.storyboard */; };
		810CE6BE27A7B15A00085410 /* Assets.xcassets in Resources */ = {isa = PBXBuildFile; fileRef = 810CE6BD27A7B15A00085410 /* Assets.xcassets */; };
		810CE6C127A7B15A00085410 /* LaunchScreen.storyboard in Resources */ = {isa = PBXBuildFile; fileRef = 810CE6BF27A7B15A00085410 /* LaunchScreen.storyboard */; };
		810CE6CC27A7B15B00085410 /* example01Tests.swift in Sources */ = {isa = PBXBuildFile; fileRef = 810CE6CB27A7B15B00085410 /* example01Tests.swift */; };
		810CE6D627A7B15B00085410 /* example01UITests.swift in Sources */ = {isa = PBXBuildFile; fileRef = 810CE6D527A7B15B00085410 /* example01UITests.swift */; };
		810CE6D827A7B15B00085410 /* example01UITestsLaunchTests.swift in Sources */ = {isa = PBXBuildFile; fileRef = 810CE6D727A7B15B00085410 /* example01UITestsLaunchTests.swift */; };
/* End PBXBuildFile section */

/* Begin PBXContainerItemProxy section */
		810CE6C827A7B15B00085410 /* PBXContainerItemProxy */ = {
			isa = PBXContainerItemProxy;
			containerPortal = 810CE6A927A7B15900085410 /* Project object */;
			proxyType = 1;
			remoteGlobalIDString = 810CE6B027A7B15900085410;
			remoteInfo = example01;
		};
		810CE6D227A7B15B00085410 /* PBXContainerItemProxy */ = {
			isa = PBXContainerItemProxy;
			containerPortal = 810CE6A927A7B15900085410 /* Project object */;
			proxyType = 1;
			remoteGlobalIDString = 810CE6B027A7B15900085410;
			remoteInfo = example01;
		};
/* End PBXContainerItemProxy section */

/* Begin PBXFileReference section */
		810CE6B127A7B15900085410 /* example01.app */ = {isa = PBXFileReference; explicitFileType = wrapper.application; includeInIndex = 0; path = example01.app; sourceTree = BUILT_PRODUCTS_DIR; };
		810CE6B427A7B15900085410 /* AppDelegate.swift */ = {isa = PBXFileReference; lastKnownFileType = sourcecode.swift; path = AppDelegate.swift; sourceTree = "<group>"; };
		810CE6B627A7B15900085410 /* SceneDelegate.swift */ = {isa = PBXFileReference; lastKnownFileType = sourcecode.swift; path = SceneDelegate.swift; sourceTree = "<group>"; };
		810CE6B827A7B15900085410 /* ViewController.swift */ = {isa = PBXFileReference; lastKnownFileType = sourcecode.swift; path = ViewController.swift; sourceTree = "<group>"; };
		810CE6BB27A7B15900085410 /* Base */ = {isa = PBXFileReference; lastKnownFileType = file.storyboard; name = Base; path = Base.lproj/Main.storyboard; sourceTree = "<group>"; };
		810CE6BD27A7B15A00085410 /* Assets.xcassets */ = {isa = PBXFileReference; lastKnownFileType = folder.assetcatalog; path = Assets.xcassets; sourceTree = "<group>"; };
		810CE6C027A7B15A00085410 /* Base */ = {isa = PBXFileReference; lastKnownFileType = file.storyboard; name = Base; path = Base.lproj/LaunchScreen.storyboard; sourceTree = "<group>"; };
		810CE6C227A7B15A00085410 /* Info.plist */ = {isa = PBXFileReference; lastKnownFileType = text.plist.xml; path = Info.plist; sourceTree = "<group>"; };
		810CE6C727A7B15B00085410 /* example01Tests.xctest */ = {isa = PBXFileReference; explicitFileType = wrapper.cfbundle; includeInIndex = 0; path = example01Tests.xctest; sourceTree = BUILT_PRODUCTS_DIR; };
		810CE6CB27A7B15B00085410 /* example01Tests.swift */ = {isa = PBXFileReference; lastKnownFileType = sourcecode.swift; path = example01Tests.swift; sourceTree = "<group>"; };
		810CE6D127A7B15B00085410 /* example01UITests.xctest */ = {isa = PBXFileReference; explicitFileType = wrapper.cfbundle; includeInIndex = 0; path = example01UITests.xctest; sourceTree = BUILT_PRODUCTS_DIR; };
		810CE6D527A7B15B00085410 /* example01UITests.swift */ = {isa = PBXFileReference; lastKnownFileType = sourcecode.swift; path = example01UITests.swift; sourceTree = "<group>"; };
		810CE6D727A7B15B00085410 /* example01UITestsLaunchTests.swift */ = {isa = PBXFileReference; lastKnownFileType = sourcecode.swift; path = example01UITestsLaunchTests.swift; sourceTree = "<group>"; };
/* End PBXFileReference section */

/* Begin PBXFrameworksBuildPhase section */
		810CE6AE27A7B15900085410 /* Frameworks */ = {
			isa = PBXFrameworksBuildPhase;
			buildActionMask = 2147483647;
			files = (
			);
			runOnlyForDeploymentPostprocessing = 0;
		};
		810CE6C427A7B15B00085410 /* Frameworks */ = {
			isa = PBXFrameworksBuildPhase;
			buildActionMask = 2147483647;
			files = (
			);
			runOnlyForDeploymentPostprocessing = 0;
		};
		810CE6CE27A7B15B00085410 /* Frameworks */ = {
			isa = PBXFrameworksBuildPhase;
			buildActionMask = 2147483647;
			files = (
			);
			runOnlyForDeploymentPostprocessing = 0;
		};
/* End PBXFrameworksBuildPhase section */

/* Begin PBXGroup section */
		810CE6A827A7B15900085410 = {
			isa = PBXGroup;
			children = (
				810CE6B327A7B15900085410 /* example01 */,
				810CE6CA27A7B15B00085410 /* example01Tests */,
				810CE6D427A7B15B00085410 /* example01UITests */,
				810CE6B227A7B15900085410 /* Products */,
			);
			sourceTree = "<group>";
		};
		810CE6B227A7B15900085410 /* Products */ = {
			isa = PBXGroup;
			children = (
				810CE6B127A7B15900085410 /* example01.app */,
				810CE6C727A7B15B00085410 /* example01Tests.xctest */,
				810CE6D127A7B15B00085410 /* example01UITests.xctest */,
			);
			name = Products;
			sourceTree = "<group>";
		};
		810CE6B327A7B15900085410 /* example01 */ = {
			isa = PBXGroup;
			children = (
				810CE6B427A7B15900085410 /* AppDelegate.swift */,
				810CE6B627A7B15900085410 /* SceneDelegate.swift */,
				810CE6B827A7B15900085410 /* ViewController.swift */,
				810CE6BA27A7B15900085410 /* Main.storyboard */,
				810CE6BD27A7B15A00085410 /* Assets.xcassets */,
				810CE6BF27A7B15A00085410 /* LaunchScreen.storyboard */,
				810CE6C227A7B15A00085410 /* Info.plist */,
			);
			path = example01;
			sourceTree = "<group>";
		};
		810CE6CA27A7B15B00085410 /* example01Tests */ = {
			isa = PBXGroup;
			children = (
				810CE6CB27A7B15B00085410 /* example01Tests.swift */,
			);
			path = example01Tests;
			sourceTree = "<group>";
		};
		810CE6D427A7B15B00085410 /* example01UITests */ = {
			isa = PBXGroup;
			children = (
				810CE6D527A7B15B00085410 /* example01UITests.swift */,
				810CE6D727A7B15B00085410 /* example01UITestsLaunchTests.swift */,
			);
			path = example01UITests;
			sourceTree = "<group>";
		};
/* End PBXGroup section */

/* Begin PBXNativeTarget section */
		810CE6B027A7B15900085410 /* example01 */ = {
			isa = PBXNativeTarget;
			buildConfigurationList = 810CE6DB27A7B15B00085410 /* Build configuration list for PBXNativeTarget "example01" */;
			buildPhases = (
				810CE6AD27A7B15900085410 /* Sources */,
				810CE6AE27A7B15900085410 /* Frameworks */,
				810CE6AF27A7B15900085410 /* Resources */,
			);
			buildRules = (
			);
			dependencies = (
			);
			name = example01;
			productName = example01;
			productReference = 810CE6B127A7B15900085410 /* example01.app */;
			productType = "com.apple.product-type.application";
		};
		810CE6C627A7B15B00085410 /* example01Tests */ = {
			isa = PBXNativeTarget;
			buildConfigurationList = 810CE6DE27A7B15B00085410 /* Build configuration list for PBXNativeTarget "example01Tests" */;
			buildPhases = (
				810CE6C327A7B15B00085410 /* Sources */,
				810CE6C427A7B15B00085410 /* Frameworks */,
				810CE6C527A7B15B00085410 /* Resources */,
			);
			buildRules = (
			);
			dependencies = (
				810CE6C927A7B15B00085410 /* PBXTargetDependency */,
			);
			name = example01Tests;
			productName = example01Tests;
			productReference = 810CE6C727A7B15B00085410 /* example01Tests.xctest */;
			productType = "com.apple.product-type.bundle.unit-test";
		};
		810CE6D027A7B15B00085410 /* example01UITests */ = {
			isa = PBXNativeTarget;
			buildConfigurationList = 810CE6E127A7B15B00085410 /* Build configuration list for PBXNativeTarget "example01UITests" */;
			buildPhases = (
				810CE6CD27A7B15B00085410 /* Sources */,
				810CE6CE27A7B15B00085410 /* Frameworks */,
				810CE6CF27A7B15B00085410 /* Resources */,
			);
			buildRules = (
			);
			dependencies = (
				810CE6D327A7B15B00085410 /* PBXTargetDependency */,
			);
			name = example01UITests;
			productName = example01UITests;
			productReference = 810CE6D127A7B15B00085410 /* example01UITests.xctest */;
			productType = "com.apple.product-type.bundle.ui-testing";
		};
/* End PBXNativeTarget section */

/* Begin PBXProject section */
		810CE6A927A7B15900085410 /* Project object */ = {
			isa = PBXProject;
			attributes = {
				BuildIndependentTargetsInParallel = 1;
				LastSwiftUpdateCheck = 1320;
				LastUpgradeCheck = 1320;
				TargetAttributes = {
					810CE6B027A7B15900085410 = {
						CreatedOnToolsVersion = 13.2.1;
					};
					810CE6C627A7B15B00085410 = {
						CreatedOnToolsVersion = 13.2.1;
						TestTargetID = 810CE6B027A7B15900085410;
					};
					810CE6D027A7B15B00085410 = {
						CreatedOnToolsVersion = 13.2.1;
						TestTargetID = 810CE6B027A7B15900085410;
					};
				};
			};
			buildConfigurationList = 810CE6AC27A7B15900085410 /* Build configuration list for PBXProject "example01" */;
			compatibilityVersion = "Xcode 13.0";
			developmentRegion = en;
			hasScannedForEncodings = 0;
			knownRegions = (
				en,
				Base,
			);
			mainGroup = 810CE6A827A7B15900085410;
			productRefGroup = 810CE6B227A7B15900085410 /* Products */;
			projectDirPath = "";
			projectRoot = "";
			targets = (
				810CE6B027A7B15900085410 /* example01 */,
				810CE6C627A7B15B00085410 /* example01Tests */,
				810CE6D027A7B15B00085410 /* example01UITests */,
			);
		};
/* End PBXProject section */

/* Begin PBXResourcesBuildPhase section */
		810CE6AF27A7B15900085410 /* Resources */ = {
			isa = PBXResourcesBuildPhase;
			buildActionMask = 2147483647;
			files = (
				810CE6C127A7B15A00085410 /* LaunchScreen.storyboard in Resources */,
				810CE6BE27A7B15A00085410 /* Assets.xcassets in Resources */,
				810CE6BC27A7B15900085410 /* Main.storyboard in Resources */,
			);
			runOnlyForDeploymentPostprocessing = 0;
		};
		810CE6C527A7B15B00085410 /* Resources */ = {
			isa = PBXResourcesBuildPhase;
			buildActionMask = 2147483647;
			files = (
			);
			runOnlyForDeploymentPostprocessing = 0;
		};
		810CE6CF27A7B15B00085410 /* Resources */ = {
			isa = PBXResourcesBuildPhase;
			buildActionMask = 2147483647;
			files = (
			);
			runOnlyForDeploymentPostprocessing = 0;
		};
/* End PBXResourcesBuildPhase section */

/* Begin PBXSourcesBuildPhase section */
		810CE6AD27A7B15900085410 /* Sources */ = {
			isa = PBXSourcesBuildPhase;
			buildActionMask = 2147483647;
			files = (
				810CE6B927A7B15900085410 /* ViewController.swift in Sources */,
				810CE6B527A7B15900085410 /* AppDelegate.swift in Sources */,
				810CE6B727A7B15900085410 /* SceneDelegate.swift in Sources */,
			);
			runOnlyForDeploymentPostprocessing = 0;
		};
		810CE6C327A7B15B00085410 /* Sources */ = {
			isa = PBXSourcesBuildPhase;
			buildActionMask = 2147483647;
			files = (
				810CE6CC27A7B15B00085410 /* example01Tests.swift in Sources */,
			);
			runOnlyForDeploymentPostprocessing = 0;
		};
		810CE6CD27A7B15B00085410 /* Sources */ = {
			isa = PBXSourcesBuildPhase;
			buildActionMask = 2147483647;
			files = (
				810CE6D827A7B15B00085410 /* example01UITestsLaunchTests.swift in Sources */,
				810CE6D627A7B15B00085410 /* example01UITests.swift in Sources */,
			);
			runOnlyForDeploymentPostprocessing = 0;
		};
/* End PBXSourcesBuildPhase section */

/* Begin PBXTargetDependency section */
		810CE6C927A7B15B00085410 /* PBXTargetDependency */ = {
			isa = PBXTargetDependency;
			target = 810CE6B027A7B15900085410 /* example01 */;
			targetProxy = 810CE6C827A7B15B00085410 /* PBXContainerItemProxy */;
		};
		810CE6D327A7B15B00085410 /* PBXTargetDependency */ = {
			isa = PBXTargetDependency;
			target = 810CE6B027A7B15900085410 /* example01 */;
			targetProxy = 810CE6D227A7B15B00085410 /* PBXContainerItemProxy */;
		};
/* End PBXTargetDependency section */

/* Begin PBXVariantGroup section */
		810CE6BA27A7B15900085410 /* Main.storyboard */ = {
			isa = PBXVariantGroup;
			children = (
				810CE6BB27A7B15900085410 /* Base */,
			);
			name = Main.storyboard;
			sourceTree = "<group>";
		};
		810CE6BF27A7B15A00085410 /* LaunchScreen.storyboard */ = {
			isa = PBXVariantGroup;
			children = (
				810CE6C027A7B15A00085410 /* Base */,
			);
			name = LaunchScreen.storyboard;
			sourceTree = "<group>";
		};
/* End PBXVariantGroup section */

/* Begin XCBuildConfiguration section */
		810CE6D927A7B15B00085410 /* Debug */ = {
			isa = XCBuildConfiguration;
			buildSettings = {
				ALWAYS_SEARCH_USER_PATHS = NO;
				CLANG_ANALYZER_NONNULL = YES;
				CLANG_ANALYZER_NUMBER_OBJECT_CONVERSION = YES_AGGRESSIVE;
				CLANG_CXX_LANGUAGE_STANDARD = "gnu++17";
				CLANG_CXX_LIBRARY = "libc++";
				CLANG_ENABLE_MODULES = YES;
				CLANG_ENABLE_OBJC_ARC = YES;
				CLANG_ENABLE_OBJC_WEAK = YES;
				CLANG_WARN_BLOCK_CAPTURE_AUTORELEASING = YES;
				CLANG_WARN_BOOL_CONVERSION = YES;
				CLANG_WARN_COMMA = YES;
				CLANG_WARN_CONSTANT_CONVERSION = YES;
				CLANG_WARN_DEPRECATED_OBJC_IMPLEMENTATIONS = YES;
				CLANG_WARN_DIRECT_OBJC_ISA_USAGE = YES_ERROR;
				CLANG_WARN_DOCUMENTATION_COMMENTS = YES;
				CLANG_WARN_EMPTY_BODY = YES;
				CLANG_WARN_ENUM_CONVERSION = YES;
				CLANG_WARN_INFINITE_RECURSION = YES;
				CLANG_WARN_INT_CONVERSION = YES;
				CLANG_WARN_NON_LITERAL_NULL_CONVERSION = YES;
				CLANG_WARN_OBJC_IMPLICIT_RETAIN_SELF = YES;
				CLANG_WARN_OBJC_LITERAL_CONVERSION = YES;
				CLANG_WARN_OBJC_ROOT_CLASS = YES_ERROR;
				CLANG_WARN_QUOTED_INCLUDE_IN_FRAMEWORK_HEADER = YES;
				CLANG_WARN_RANGE_LOOP_ANALYSIS = YES;
				CLANG_WARN_STRICT_PROTOTYPES = YES;
				CLANG_WARN_SUSPICIOUS_MOVE = YES;
				CLANG_WARN_UNGUARDED_AVAILABILITY = YES_AGGRESSIVE;
				CLANG_WARN_UNREACHABLE_CODE = YES;
				CLANG_WARN__DUPLICATE_METHOD_MATCH = YES;
				COPY_PHASE_STRIP = NO;
				DEBUG_INFORMATION_FORMAT = dwarf;
				ENABLE_STRICT_OBJC_MSGSEND = YES;
				ENABLE_TESTABILITY = YES;
				GCC_C_LANGUAGE_STANDARD = gnu11;
				GCC_DYNAMIC_NO_PIC = NO;
				GCC_NO_COMMON_BLOCKS = YES;
				GCC_OPTIMIZATION_LEVEL = 0;
				GCC_PREPROCESSOR_DEFINITIONS = (
					"DEBUG=1",
					"$(inherited)",
				);
				GCC_WARN_64_TO_32_BIT_CONVERSION = YES;
				GCC_WARN_ABOUT_RETURN_TYPE = YES_ERROR;
				GCC_WARN_UNDECLARED_SELECTOR = YES;
				GCC_WARN_UNINITIALIZED_AUTOS = YES_AGGRESSIVE;
				GCC_WARN_UNUSED_FUNCTION = YES;
				GCC_WARN_UNUSED_VARIABLE = YES;
				IPHONEOS_DEPLOYMENT_TARGET = 15.2;
				MTL_ENABLE_DEBUG_INFO = INCLUDE_SOURCE;
				MTL_FAST_MATH = YES;
				ONLY_ACTIVE_ARCH = YES;
				SDKROOT = iphoneos;
				SWIFT_ACTIVE_COMPILATION_CONDITIONS = DEBUG;
				SWIFT_OPTIMIZATION_LEVEL = "-Onone";
			};
			name = Debug;
		};
		810CE6DA27A7B15B00085410 /* Release */ = {
			isa = XCBuildConfiguration;
			buildSettings = {
				ALWAYS_SEARCH_USER_PATHS = NO;
				CLANG_ANALYZER_NONNULL = YES;
				CLANG_ANALYZER_NUMBER_OBJECT_CONVERSION = YES_AGGRESSIVE;
				CLANG_CXX_LANGUAGE_STANDARD = "gnu++17";
				CLANG_CXX_LIBRARY = "libc++";
				CLANG_ENABLE_MODULES = YES;
				CLANG_ENABLE_OBJC_ARC = YES;
				CLANG_ENABLE_OBJC_WEAK = YES;
				CLANG_WARN_BLOCK_CAPTURE_AUTORELEASING = YES;
				CLANG_WARN_BOOL_CONVERSION = YES;
				CLANG_WARN_COMMA = YES;
				CLANG_WARN_CONSTANT_CONVERSION = YES;
				CLANG_WARN_DEPRECATED_OBJC_IMPLEMENTATIONS = YES;
				CLANG_WARN_DIRECT_OBJC_ISA_USAGE = YES_ERROR;
				CLANG_WARN_DOCUMENTATION_COMMENTS = YES;
				CLANG_WARN_EMPTY_BODY = YES;
				CLANG_WARN_ENUM_CONVERSION = YES;
				CLANG_WARN_INFINITE_RECURSION = YES;
				CLANG_WARN_INT_CONVERSION = YES;
				CLANG_WARN_NON_LITERAL_NULL_CONVERSION = YES;
				CLANG_WARN_OBJC_IMPLICIT_RETAIN_SELF = YES;
				CLANG_WARN_OBJC_LITERAL_CONVERSION = YES;
				CLANG_WARN_OBJC_ROOT_CLASS = YES_ERROR;
				CLANG_WARN_QUOTED_INCLUDE_IN_FRAMEWORK_HEADER = YES;
				CLANG_WARN_RANGE_LOOP_ANALYSIS = YES;
				CLANG_WARN_STRICT_PROTOTYPES = YES;
				CLANG_WARN_SUSPICIOUS_MOVE = YES;
				CLANG_WARN_UNGUARDED_AVAILABILITY = YES_AGGRESSIVE;
				CLANG_WARN_UNREACHABLE_CODE = YES;
				CLANG_WARN__DUPLICATE_METHOD_MATCH = YES;
				COPY_PHASE_STRIP = NO;
				DEBUG_INFORMATION_FORMAT = "dwarf-with-dsym";
				ENABLE_NS_ASSERTIONS = NO;
				ENABLE_STRICT_OBJC_MSGSEND = YES;
				GCC_C_LANGUAGE_STANDARD = gnu11;
				GCC_NO_COMMON_BLOCKS = YES;
				GCC_WARN_64_TO_32_BIT_CONVERSION = YES;
				GCC_WARN_ABOUT_RETURN_TYPE = YES_ERROR;
				GCC_WARN_UNDECLARED_SELECTOR = YES;
				GCC_WARN_UNINITIALIZED_AUTOS = YES_AGGRESSIVE;
				GCC_WARN_UNUSED_FUNCTION = YES;
				GCC_WARN_UNUSED_VARIABLE = YES;
				IPHONEOS_DEPLOYMENT_TARGET = 15.2;
				MTL_ENABLE_DEBUG_INFO = NO;
				MTL_FAST_MATH = YES;
				SDKROOT = iphoneos;
				SWIFT_COMPILATION_MODE = wholemodule;
				SWIFT_OPTIMIZATION_LEVEL = "-O";
				VALIDATE_PRODUCT = YES;
			};
			name = Release;
		};
		810CE6DC27A7B15B00085410 /* Debug */ = {
			isa = XCBuildConfiguration;
			buildSettings = {
				ASSETCATALOG_COMPILER_APPICON_NAME = AppIcon;
				ASSETCATALOG_COMPILER_GLOBAL_ACCENT_COLOR_NAME = AccentColor;
				CODE_SIGN_STYLE = Automatic;
				CURRENT_PROJECT_VERSION = 1;
				DEVELOPMENT_TEAM = X8TA4FBQKF;
				GENERATE_INFOPLIST_FILE = YES;
				INFOPLIST_FILE = example01/Info.plist;
				INFOPLIST_KEY_UIApplicationSupportsIndirectInputEvents = YES;
				INFOPLIST_KEY_UILaunchStoryboardName = LaunchScreen;
				INFOPLIST_KEY_UIMainStoryboardFile = Main;
				INFOPLIST_KEY_UISupportedInterfaceOrientations_iPad = "UIInterfaceOrientationPortrait UIInterfaceOrientationPortraitUpsideDown UIInterfaceOrientationLandscapeLeft UIInterfaceOrientationLandscapeRight";
				INFOPLIST_KEY_UISupportedInterfaceOrientations_iPhone = "UIInterfaceOrientationPortrait UIInterfaceOrientationLandscapeLeft UIInterfaceOrientationLandscapeRight";
				LD_RUNPATH_SEARCH_PATHS = (
					"$(inherited)",
					"@executable_path/Frameworks",
				);
				MARKETING_VERSION = 1.0;
				PRODUCT_BUNDLE_IDENTIFIER = task.example01;
				PRODUCT_NAME = "$(TARGET_NAME)";
				SWIFT_EMIT_LOC_STRINGS = YES;
				SWIFT_VERSION = 5.0;
				TARGETED_DEVICE_FAMILY = 1;
			};
			name = Debug;
		};
		810CE6DD27A7B15B00085410 /* Release */ = {
			isa = XCBuildConfiguration;
			buildSettings = {
				ASSETCATALOG_COMPILER_APPICON_NAME = AppIcon;
				ASSETCATALOG_COMPILER_GLOBAL_ACCENT_COLOR_NAME = AccentColor;
				CODE_SIGN_STYLE = Automatic;
				CURRENT_PROJECT_VERSION = 1;
				DEVELOPMENT_TEAM = X8TA4FBQKF;
				GENERATE_INFOPLIST_FILE = YES;
				INFOPLIST_FILE = example01/Info.plist;
				INFOPLIST_KEY_UIApplicationSupportsIndirectInputEvents = YES;
				INFOPLIST_KEY_UILaunchStoryboardName = LaunchScreen;
				INFOPLIST_KEY_UIMainStoryboardFile = Main;
				INFOPLIST_KEY_UISupportedInterfaceOrientations_iPad = "UIInterfaceOrientationPortrait UIInterfaceOrientationPortraitUpsideDown UIInterfaceOrientationLandscapeLeft UIInterfaceOrientationLandscapeRight";
				INFOPLIST_KEY_UISupportedInterfaceOrientations_iPhone = "UIInterfaceOrientationPortrait UIInterfaceOrientationLandscapeLeft UIInterfaceOrientationLandscapeRight";
				LD_RUNPATH_SEARCH_PATHS = (
					"$(inherited)",
					"@executable_path/Frameworks",
				);
				MARKETING_VERSION = 1.0;
				PRODUCT_BUNDLE_IDENTIFIER = task.example01;
				PRODUCT_NAME = "$(TARGET_NAME)";
				SWIFT_EMIT_LOC_STRINGS = YES;
				SWIFT_VERSION = 5.0;
				TARGETED_DEVICE_FAMILY = 1;
			};
			name = Release;
		};
		810CE6DF27A7B15B00085410 /* Debug */ = {
			isa = XCBuildConfiguration;
			buildSettings = {
				ALWAYS_EMBED_SWIFT_STANDARD_LIBRARIES = YES;
				BUNDLE_LOADER = "$(TEST_HOST)";
				CODE_SIGN_STYLE = Automatic;
				CURRENT_PROJECT_VERSION = 1;
				GENERATE_INFOPLIST_FILE = YES;
				IPHONEOS_DEPLOYMENT_TARGET = 15.2;
				MARKETING_VERSION = 1.0;
				PRODUCT_BUNDLE_IDENTIFIER = task.example01Tests;
				PRODUCT_NAME = "$(TARGET_NAME)";
				SWIFT_EMIT_LOC_STRINGS = NO;
				SWIFT_VERSION = 5.0;
				TARGETED_DEVICE_FAMILY = "1,2";
				TEST_HOST = "$(BUILT_PRODUCTS_DIR)/example01.app/example01";
			};
			name = Debug;
		};
		810CE6E027A7B15B00085410 /* Release */ = {
			isa = XCBuildConfiguration;
			buildSettings = {
				ALWAYS_EMBED_SWIFT_STANDARD_LIBRARIES = YES;
				BUNDLE_LOADER = "$(TEST_HOST)";
				CODE_SIGN_STYLE = Automatic;
				CURRENT_PROJECT_VERSION = 1;
				GENERATE_INFOPLIST_FILE = YES;
				IPHONEOS_DEPLOYMENT_TARGET = 15.2;
				MARKETING_VERSION = 1.0;
				PRODUCT_BUNDLE_IDENTIFIER = task.example01Tests;
				PRODUCT_NAME = "$(TARGET_NAME)";
				SWIFT_EMIT_LOC_STRINGS = NO;
				SWIFT_VERSION = 5.0;
				TARGETED_DEVICE_FAMILY = "1,2";
				TEST_HOST = "$(BUILT_PRODUCTS_DIR)/example01.app/example01";
			};
			name = Release;
		};
		810CE6E227A7B15B00085410 /* Debug */ = {
			isa = XCBuildConfiguration;
			buildSettings = {
				ALWAYS_EMBED_SWIFT_STANDARD_LIBRARIES = YES;
				CODE_SIGN_STYLE = Automatic;
				CURRENT_PROJECT_VERSION = 1;
				GENERATE_INFOPLIST_FILE = YES;
				MARKETING_VERSION = 1.0;
				PRODUCT_BUNDLE_IDENTIFIER = task.example01UITests;
				PRODUCT_NAME = "$(TARGET_NAME)";
				SWIFT_EMIT_LOC_STRINGS = NO;
				SWIFT_VERSION = 5.0;
				TARGETED_DEVICE_FAMILY = "1,2";
				TEST_TARGET_NAME = example01;
			};
			name = Debug;
		};
		810CE6E327A7B15B00085410 /* Release */ = {
			isa = XCBuildConfiguration;
			buildSettings = {
				ALWAYS_EMBED_SWIFT_STANDARD_LIBRARIES = YES;
				CODE_SIGN_STYLE = Automatic;
				CURRENT_PROJECT_VERSION = 1;
				GENERATE_INFOPLIST_FILE = YES;
				MARKETING_VERSION = 1.0;
				PRODUCT_BUNDLE_IDENTIFIER = task.example01UITests;
				PRODUCT_NAME = "$(TARGET_NAME)";
				SWIFT_EMIT_LOC_STRINGS = NO;
				SWIFT_VERSION = 5.0;
				TARGETED_DEVICE_FAMILY = "1,2";
				TEST_TARGET_NAME = example01;
			};
			name = Release;
		};
/* End XCBuildConfiguration section */

/* Begin XCConfigurationList section */
		810CE6AC27A7B15900085410 /* Build configuration list for PBXProject "example01" */ = {
			isa = XCConfigurationList;
			buildConfigurations = (
				810CE6D927A7B15B00085410 /* Debug */,
				810CE6DA27A7B15B00085410 /* Release */,
			);
			defaultConfigurationIsVisible = 0;
			defaultConfigurationName = Release;
		};
		810CE6DB27A7B15B00085410 /* Build configuration list for PBXNativeTarget "example01" */ = {
			isa = XCConfigurationList;
			buildConfigurations = (
				810CE6DC27A7B15B00085410 /* Debug */,
				810CE6DD27A7B15B00085410 /* Release */,
			);
			defaultConfigurationIsVisible = 0;
			defaultConfigurationName = Release;
		};
		810CE6DE27A7B15B00085410 /* Build configuration list for PBXNativeTarget "example01Tests" */ = {
			isa = XCConfigurationList;
			buildConfigurations = (
				810CE6DF27A7B15B00085410 /* Debug */,
				810CE6E027A7B15B00085410 /* Release */,
			);
			defaultConfigurationIsVisible = 0;
			defaultConfigurationName = Release;
		};
		810CE6E127A7B15B00085410 /* Build configuration list for PBXNativeTarget "example01UITests" */ = {
			isa = XCConfigurationList;
			buildConfigurations = (
				810CE6E227A7B15B00085410 /* Debug */,
				810CE6E327A7B15B00085410 /* Release */,
			);
			defaultConfigurationIsVisible = 0;
			defaultConfigurationName = Release;
		};
/* End XCConfigurationList section */
	};
	rootObject = 810CE6A927A7B15900085410 /* Project object */;
}
